# This file is generated by noeta; it is meant to be committed. Do not edit.
version = 2

[[package]]
name = "para/aether"
version = "0.2.0"
source = "git"
url = "https://github.com/noeta-lang/para-aether"
tag = "v0.2.0"
sha = "d4f9dca75324c11e3781893b166f866518756111"
edition = "2026"
hash = "ddfba868af0dc9ba33ea1d6df2281694bf3e5aef0bab6ff27863f976cd0dfaed"

[[package]]
name = "para/html"
version = "0.3.0"
source = "git"
url = "https://github.com/noeta-lang/para-html"
tag = "v0.3.0"
sha = "6ab5b9fc803c4fac020ab0791db8f473c76d6b14"
edition = "2026"
hash = "c14288b82c33fefc9bdf9c3fe9605b56733c43ae1773b0e2f29653a55f59190c"

[[scope]]
name = "para/aether"
issuer = "https://token.actions.githubusercontent.com"
identity = "https://github.com/noeta-lang/para-aether/.github/workflows/release.yml@refs/tags/v0.2.0"

[[scope]]
name = "para/html"
issuer = "https://token.actions.githubusercontent.com"
identity = "https://github.com/noeta-lang/para-html/.github/workflows/release.yml@refs/tags/v0.3.0"
