# This file is generated by noeta; it is meant to be committed. Do not edit.
version = 2

[[package]]
name = "para/aether"
version = "0.2.0"
source = "git"
url = "https://github.com/noeta-lang/para-aether"
tag = "v0.2.0"
sha = "d4f9dca75324c11e3781893b166f866518756111"
edition = "2026"
hash = "ddfba868af0dc9ba33ea1d6df2281694bf3e5aef0bab6ff27863f976cd0dfaed"

[[package]]
name = "para/html"
version = "0.4.0"
source = "git"
url = "https://github.com/noeta-lang/para-html"
tag = "v0.4.0"
sha = "546ef32d19ca82c356d3d4a08dc16b660f79e0eb"
edition = "2026"
hash = "b69c122f8638fd6c6d6aa5a37083c7134c0b900a8e518d77d36fdb02723eb86f"

[[scope]]
name = "para/aether"
issuer = "https://token.actions.githubusercontent.com"
identity = "https://github.com/noeta-lang/para-aether/.github/workflows/release.yml@refs/tags/v0.2.0"

[[scope]]
name = "para/html"
issuer = "https://token.actions.githubusercontent.com"
identity = "https://github.com/noeta-lang/para-html/.github/workflows/release.yml@refs/tags/v0.4.0"
